
Microsoft Visual Studio Solution File, Format Version 12.00
# Visual Studio 15
Project("{FAE04EC0-301F-11D3-BF4B-00C04F79EFBC}") = "Assembly-CSharp", "Assembly-CSharp.csproj", "{E7E0C65D-2546-CAAF-9095-EF0642D7E949}"
EndProject
Project("{FAE04EC0-301F-11D3-BF4B-00C04F79EFBC}") = "Assembly-CSharp-firstpass", "Assembly-CSharp-firstpass.csproj", "{C354DB73-4340-0E56-05D7-B335608166DD}"
EndProject
Project("{FAE04EC0-301F-11D3-BF4B-00C04F79EFBC}") = "Assembly-CSharp-Editor", "Assembly-CSharp-Editor.csproj", "{414B03FF-F34D-163A-0042-A3541641A24A}"
EndProject
Global
	GlobalSection(SolutionConfigurationPlatforms) = preSolution
		Debug|Any CPU = Debug|Any CPU
		Release|Any CPU = Release|Any CPU
	EndGlobalSection
	GlobalSection(ProjectConfigurationPlatforms) = postSolution
		{E7E0C65D-2546-CAAF-9095-EF0642D7E949}.Debug|Any CPU.ActiveCfg = Debug|Any CPU
		{E7E0C65D-2546-CAAF-9095-EF0642D7E949}.Debug|Any CPU.Build.0 = Debug|Any CPU
		{E7E0C65D-2546-CAAF-9095-EF0642D7E949}.Release|Any CPU.ActiveCfg = Release|Any CPU
		{E7E0C65D-2546-CAAF-9095-EF0642D7E949}.Release|Any CPU.Build.0 = Release|Any CPU
		{C354DB73-4340-0E56-05D7-B335608166DD}.Debug|Any CPU.ActiveCfg = Debug|Any CPU
		{C354DB73-4340-0E56-05D7-B335608166DD}.Debug|Any CPU.Build.0 = Debug|Any CPU
		{C354DB73-4340-0E56-05D7-B335608166DD}.Release|Any CPU.ActiveCfg = Release|Any CPU
		{C354DB73-4340-0E56-05D7-B335608166DD}.Release|Any CPU.Build.0 = Release|Any CPU
		{414B03FF-F34D-163A-0042-A3541641A24A}.Debug|Any CPU.ActiveCfg = Debug|Any CPU
		{414B03FF-F34D-163A-0042-A3541641A24A}.Debug|Any CPU.Build.0 = Debug|Any CPU
		{414B03FF-F34D-163A-0042-A3541641A24A}.Release|Any CPU.ActiveCfg = Release|Any CPU
		{414B03FF-F34D-163A-0042-A3541641A24A}.Release|Any CPU.Build.0 = Release|Any CPU
	EndGlobalSection
	GlobalSection(SolutionProperties) = preSolution
		HideSolutionNode = FALSE
	EndGlobalSection
EndGlobal
